version = 1
revision = 2
requires-python = ">=3.12.10"

[[package]]
name = "fast-agent"
version = "0.1.0"
source = { virtual = "." }

[package.dev-dependencies]
dev = [
    { name = "fast-agent" },
]

[package.metadata]

[package.metadata.requires-dev]
dev = [{ name = "fast-agent", virtual = "." }]
